<?xml version="1.0" encoding="UTF-8" standalone="yes" ?>
<CodeBlocks_project_file>
	<FileVersion major="1" minor="6" />
	<Project>
		<Option title="TimeTimeTime" />
		<Option pch_mode="2" />
		<Option compiler="gcc" />
		<Build>
			<Target title="Debug">
				<Option output="bin/Debug/TimeTimeTime" prefix_auto="1" extension_auto="1" />
				<Option object_output="obj/Debug/" />
				<Option type="1" />
				<Option compiler="gcc" />
				<Compiler>
					<Add option="-g" />
				</Compiler>
			</Target>
			<Target title="Release">
				<Option output="bin/Release/TimeTimeTime" prefix_auto="1" extension_auto="1" />
				<Option object_output="obj/Release/" />
				<Option type="0" />
				<Option compiler="gcc" />
				<Compiler>
					<Add option="-O2" />
				</Compiler>
				<Linker>
					<Add option="-s" />
				</Linker>
			</Target>
		</Build>
		<Compiler>
			<Add option="`sdl-config --cflags`" />
			<Add option="-Wall" />
		</Compiler>
		<Linker>
			<Add option="`sdl-config --libs`" />
		</Linker>
		<Unit filename="src/function.cpp" />
		<Unit filename="src/function.h" />
		<Unit filename="src/img/000.bmp" />
		<Unit filename="src/img/0000.bmp" />
		<Unit filename="src/img/00000.bmp" />
		<Unit filename="src/img/000000.bmp" />
		<Unit filename="src/img/010.bmp" />
		<Unit filename="src/img/01010.bmp" />
		<Unit filename="src/img/01110.bmp" />
		<Unit filename="src/img/020.bmp" />
		<Unit filename="src/img/1.bmp" />
		<Unit filename="src/img/1010.bmp" />
		<Unit filename="src/img/11.bmp" />
		<Unit filename="src/img/110.bmp" />
		<Unit filename="src/img/111.bmp" />
		<Unit filename="src/img/1110.bmp" />
		<Unit filename="src/img/1111.bmp" />
		<Unit filename="src/img/11111.bmp" />
		<Unit filename="src/img/111111.bmp" />
		<Unit filename="src/img/2.bmp" />
		<Unit filename="src/img/2020.bmp" />
		<Unit filename="src/img/22.bmp" />
		<Unit filename="src/img/220.bmp" />
		<Unit filename="src/img/222.bmp" />
		<Unit filename="src/img/2220.bmp" />
		<Unit filename="src/img/2222.bmp" />
		<Unit filename="src/img/22222.bmp" />
		<Unit filename="src/img/222222.bmp" />
		<Unit filename="src/img/3.bmp" />
		<Unit filename="src/img/33.bmp" />
		<Unit filename="src/img/333.bmp" />
		<Unit filename="src/img/3333.bmp" />
		<Unit filename="src/img/33333.bmp" />
		<Unit filename="src/img/333333.bmp" />
		<Unit filename="src/img/4.bmp" />
		<Unit filename="src/img/44.bmp" />
		<Unit filename="src/img/44444.bmp" />
		<Unit filename="src/img/444444.bmp" />
		<Unit filename="src/img/BarreiraAnimacao.png" />
		<Unit filename="src/img/botao1.bmp" />
		<Unit filename="src/img/botao2.bmp" />
		<Unit filename="src/img/linha.bmp" />
		<Unit filename="src/img/spikes1.bmp" />
		<Unit filename="src/img/spikes2.bmp" />
		<Unit filename="src/img/tardis.bmp" />
		<Unit filename="src/main.cpp" />
		<Unit filename="src/time1.cpp" />
		<Unit filename="src/time2.h" />
		<Extensions>
			<code_completion />
			<debugger />
		</Extensions>
	</Project>
</CodeBlocks_project_file>
